
Microsoft Visual Studio Solution File, Format Version 12.00
# Visual Studio 2013
VisualStudioVersion = 12.0.40629.0
MinimumVisualStudioVersion = 10.0.40219.1
Project("{FAE04EC0-301F-11D3-BF4B-00C04F79EFBC}") = "CRUDWithJSONInWCF", "CRUDWithJSONInWCF\CRUDWithJSONInWCF.csproj", "{BDDCB00E-6DB4-45E7-BAF4-0E03DC0A4359}"
EndProject
Global
	GlobalSection(SolutionConfigurationPlatforms) = preSolution
		Debug|Any CPU = Debug|Any CPU
		Release|Any CPU = Release|Any CPU
	EndGlobalSection
	GlobalSection(ProjectConfigurationPlatforms) = postSolution
		{BDDCB00E-6DB4-45E7-BAF4-0E03DC0A4359}.Debug|Any CPU.ActiveCfg = Debug|Any CPU
		{BDDCB00E-6DB4-45E7-BAF4-0E03DC0A4359}.Debug|Any CPU.Build.0 = Debug|Any CPU
		{BDDCB00E-6DB4-45E7-BAF4-0E03DC0A4359}.Release|Any CPU.ActiveCfg = Release|Any CPU
		{BDDCB00E-6DB4-45E7-BAF4-0E03DC0A4359}.Release|Any CPU.Build.0 = Release|Any CPU
	EndGlobalSection
	GlobalSection(SolutionProperties) = preSolution
		HideSolutionNode = FALSE
	EndGlobalSection
EndGlobal
